lockfileVersion: '6.0'

settings:
  autoInstallPeers: true
  excludeLinksFromLockfile: false

dependencies:
  dotenv:
    specifier: ^16.3.1
    version: 16.3.1
  playwright:
    specifier: ^1.37.0
    version: 1.37.0

devDependencies:
  '@playwright/test':
    specifier: ^1.37.0
    version: 1.37.0

packages:

  /@playwright/test@1.37.0:
    resolution: {integrity: sha512-181WBLk4SRUyH1Q96VZl7BP6HcK0b7lbdeKisn3N/vnjitk+9HbdlFz/L5fey05vxaAhldIDnzo8KUoy8S3mmQ==}
    engines: {node: '>=16'}
    hasBin: true
    dependencies:
      '@types/node': 20.5.0
      playwright-core: 1.37.0
    optionalDependencies:
      fsevents: 2.3.2
    dev: true

  /@types/node@20.5.0:
    resolution: {integrity: sha512-Mgq7eCtoTjT89FqNoTzzXg2XvCi5VMhRV6+I2aYanc6kQCBImeNaAYRs/DyoVqk1YEUJK5gN9VO7HRIdz4Wo3Q==}
    dev: true

  /dotenv@16.3.1:
    resolution: {integrity: sha512-IPzF4w4/Rd94bA9imS68tZBaYyBWSCE47V1RGuMrB94iyTOIEwRmVL2x/4An+6mETpLrKJ5hQkB8W4kFAadeIQ==}
    engines: {node: '>=12'}
    dev: false

  /fsevents@2.3.2:
    resolution: {integrity: sha512-xiqMQR4xAeHTuB9uWm+fFRcIOgKBMiOBP+eXiyT7jsgVCq1bkVygt00oASowB7EdtpOHaaPgKt812P9ab+DDKA==}
    engines: {node: ^8.16.0 || ^10.6.0 || >=11.0.0}
    os: [darwin]
    requiresBuild: true
    dev: true
    optional: true

  /playwright-core@1.37.0:
    resolution: {integrity: sha512-1c46jhTH/myQw6sesrcuHVtLoSNfJv8Pfy9t3rs6subY7kARv0HRw5PpyfPYPpPtQvBOmgbE6K+qgYUpj81LAA==}
    engines: {node: '>=16'}
    hasBin: true

  /playwright@1.37.0:
    resolution: {integrity: sha512-CrAEFfVioamMwDKmygc/HAkzEAxYAwjD+zod2poTxM7ObivkoDsKHu1ned16fnQV/Tf1kDB8KtsyH8Qd3VzJIg==}
    engines: {node: '>=16'}
    hasBin: true
    requiresBuild: true
    dependencies:
      playwright-core: 1.37.0
    dev: false
